<Solution>
  <Folder Name="/Task0/">
    <Project Path="Tyuiu.StasyukSD.Sprint0.Task0.V0/Tyuiu.StasyukSD.Sprint0.Task0.V0.csproj" />
  </Folder>
  <Folder Name="/Task1/">
    <Project Path="Tyuiu.StasyukSD.Sprint0.Task1.V0/Tyuiu.StasyukSD.Sprint0.Task1.V0.csproj" />
  </Folder>
  <Folder Name="/Task2/">
    <Project Path="Tyuiu.StasyukSD.Sprint0.Task2.V0.Lib/Tyuiu.StasyukSD.Sprint0.Task2.V0.Lib.csproj" Id="12aef0d5-56ab-40ca-82bb-f7f97afd80a1" />
    <Project Path="Tyuiu.StasyukSD.Sprint0.Task2.V0.Test/Tyuiu.StasyukSD.Sprint0.Task2.V0.Test.csproj" Id="d006de6e-c0ab-480f-89c4-faf4ae0305b6" />
    <Project Path="Tyuiu.StasyukSD.Sprint0.Task2.V0/Tyuiu.StasyukSD.Sprint0.Task2.V0.csproj" Id="21d925ea-92b5-45da-b93b-8cc589b6b8b7" />
  </Folder>
  <Folder Name="/Task3/">
    <Project Path="Tyuiu.StasyukSD.Sprint0.Task3.V0.Lib/Tyuiu.StasyukSD.Sprint0.Task3.V0.Lib.csproj" Id="bf29fb49-7357-4925-99ae-e44628b33f55" />
    <Project Path="Tyuiu.StasyukSD.Sprint0.Task3.V0.Test/Tyuiu.StasyukSD.Sprint0.Task3.V0.Test.csproj" Id="2b506c3e-841e-4d7c-b76c-2ac5e7f80812" />
    <Project Path="Tyuiu.StasyukSD.Sprint0.Task3.V0/Tyuiu.StasyukSD.Sprint0.Task3.V0.csproj" Id="0db48f16-4651-4b76-9fa2-a84b35d0860b" />
  </Folder>
  <Folder Name="/Task4/">
    <Project Path="Tyuiu.StasyukSD.Sprint0.Task4.V0.Lib/Tyuiu.StasyukSD.Sprint0.Task4.V0.Lib.csproj" Id="895dae3a-208b-4cc2-96f1-3791ba928c5c" />
    <Project Path="Tyuiu.StasyukSD.Sprint0.Task4.V0.Test/Tyuiu.StasyukSD.Sprint0.Task4.V0.Test.csproj" Id="dfb0952d-9ac4-4f76-b76b-ec4922f05e53" />
    <Project Path="Tyuiu.StasyukSD.Sprint0.Task4.V0/Tyuiu.StasyukSD.Sprint0.Task4.V0.csproj" Id="3b452c75-6a38-43b2-a7ca-59834778cfe0" />
  </Folder>
</Solution>
